
Microsoft Visual Studio Solution File, Format Version 12.00
# Visual Studio Version 17
VisualStudioVersion = 17.6.33801.468
MinimumVisualStudioVersion = 10.0.40219.1
Project("{2150E333-8FDC-42A3-9474-1A3956D46DE8}") = "Solution Items", "Solution Items", "{FD8689D5-253E-4713-A44A-EF3D41E4857A}"
	ProjectSection(SolutionItems) = preProject
		.editorconfig = .editorconfig
		Ideas.txt = Ideas.txt
	EndProjectSection
EndProject
Project("{9A19103F-16F7-4668-BE54-9A1E7A4F7556}") = "CBT.Web.Blazor", "CBT.Web.Blazor\CBT.Web.Blazor.csproj", "{B3E88D53-C620-458F-A273-142FE33E3171}"
EndProject
Project("{9A19103F-16F7-4668-BE54-9A1E7A4F7556}") = "CBT.MAUI.Blazor", "CBT.MAUI.Blazor\CBT.MAUI.Blazor.csproj", "{95E5CC70-E913-45E7-98A5-87C6B791A959}"
EndProject
Project("{9A19103F-16F7-4668-BE54-9A1E7A4F7556}") = "CBT.Logic", "CBT.Logic\CBT.Logic.csproj", "{3895456B-3C48-4E05-A3ED-A739AE1C5FD9}"
EndProject
Project("{9A19103F-16F7-4668-BE54-9A1E7A4F7556}") = "CBT.Domain", "CBT.Domain\CBT.Domain.csproj", "{157954B7-7B44-4E75-8AFB-ADDC4814D30C}"
EndProject
Project("{9A19103F-16F7-4668-BE54-9A1E7A4F7556}") = "CBT.SharedComponents.Blazor", "CBT.SharedComponents.Blazor\CBT.SharedComponents.Blazor.csproj", "{9B4865A6-128F-4E58-8242-8B74901C6B64}"
EndProject
Global
	GlobalSection(SolutionConfigurationPlatforms) = preSolution
		Debug|Any CPU = Debug|Any CPU
		Release|Any CPU = Release|Any CPU
	EndGlobalSection
	GlobalSection(ProjectConfigurationPlatforms) = postSolution
		{B3E88D53-C620-458F-A273-142FE33E3171}.Debug|Any CPU.ActiveCfg = Debug|Any CPU
		{B3E88D53-C620-458F-A273-142FE33E3171}.Debug|Any CPU.Build.0 = Debug|Any CPU
		{B3E88D53-C620-458F-A273-142FE33E3171}.Release|Any CPU.ActiveCfg = Release|Any CPU
		{B3E88D53-C620-458F-A273-142FE33E3171}.Release|Any CPU.Build.0 = Release|Any CPU
		{95E5CC70-E913-45E7-98A5-87C6B791A959}.Debug|Any CPU.ActiveCfg = Debug|Any CPU
		{95E5CC70-E913-45E7-98A5-87C6B791A959}.Debug|Any CPU.Build.0 = Debug|Any CPU
		{95E5CC70-E913-45E7-98A5-87C6B791A959}.Debug|Any CPU.Deploy.0 = Debug|Any CPU
		{95E5CC70-E913-45E7-98A5-87C6B791A959}.Release|Any CPU.ActiveCfg = Release|Any CPU
		{95E5CC70-E913-45E7-98A5-87C6B791A959}.Release|Any CPU.Build.0 = Release|Any CPU
		{95E5CC70-E913-45E7-98A5-87C6B791A959}.Release|Any CPU.Deploy.0 = Release|Any CPU
		{3895456B-3C48-4E05-A3ED-A739AE1C5FD9}.Debug|Any CPU.ActiveCfg = Debug|Any CPU
		{3895456B-3C48-4E05-A3ED-A739AE1C5FD9}.Debug|Any CPU.Build.0 = Debug|Any CPU
		{3895456B-3C48-4E05-A3ED-A739AE1C5FD9}.Release|Any CPU.ActiveCfg = Release|Any CPU
		{3895456B-3C48-4E05-A3ED-A739AE1C5FD9}.Release|Any CPU.Build.0 = Release|Any CPU
		{157954B7-7B44-4E75-8AFB-ADDC4814D30C}.Debug|Any CPU.ActiveCfg = Debug|Any CPU
		{157954B7-7B44-4E75-8AFB-ADDC4814D30C}.Debug|Any CPU.Build.0 = Debug|Any CPU
		{157954B7-7B44-4E75-8AFB-ADDC4814D30C}.Release|Any CPU.ActiveCfg = Release|Any CPU
		{157954B7-7B44-4E75-8AFB-ADDC4814D30C}.Release|Any CPU.Build.0 = Release|Any CPU
		{9B4865A6-128F-4E58-8242-8B74901C6B64}.Debug|Any CPU.ActiveCfg = Debug|Any CPU
		{9B4865A6-128F-4E58-8242-8B74901C6B64}.Debug|Any CPU.Build.0 = Debug|Any CPU
		{9B4865A6-128F-4E58-8242-8B74901C6B64}.Release|Any CPU.ActiveCfg = Release|Any CPU
		{9B4865A6-128F-4E58-8242-8B74901C6B64}.Release|Any CPU.Build.0 = Release|Any CPU
	EndGlobalSection
	GlobalSection(SolutionProperties) = preSolution
		HideSolutionNode = FALSE
	EndGlobalSection
	GlobalSection(ExtensibilityGlobals) = postSolution
		SolutionGuid = {B768FE49-9F72-46FE-A330-AEDC416CA630}
	EndGlobalSection
EndGlobal
